{
  "name": "02_class",
  "version": "1.0.0",
  "lockfileVersion": 1,
  "requires": true,
  "dependencies": {
    "typed-inject": {
      "version": "3.0.1",
      "resolved": "https://registry.npmjs.org/typed-inject/-/typed-inject-3.0.1.tgz",
      "integrity": "sha512-5yr8inrNos7uo/irp5PZ7WNwmYGfoa0w1NiDdCWW6hhIxYH2NCqYwX9BUOXpZgxk964rb1ElEfvBtftuvIPpvw=="
    }
  }
}
